
Microsoft Visual Studio Solution File, Format Version 12.00
# Visual Studio Version 17
VisualStudioVersion = 17.14.36310.24
MinimumVisualStudioVersion = 10.0.40219.1
Project("{FAE04EC0-301F-11D3-BF4B-00C04F79EFBC}") = "DAS Desafio 1", "DAS Desafio 1.csproj", "{6596A908-194D-460D-A903-2BE4C8739128}"
EndProject
Global
	GlobalSection(SolutionConfigurationPlatforms) = preSolution
		Debug|Any CPU = Debug|Any CPU
		Release|Any CPU = Release|Any CPU
	EndGlobalSection
	GlobalSection(ProjectConfigurationPlatforms) = postSolution
		{6596A908-194D-460D-A903-2BE4C8739128}.Debug|Any CPU.ActiveCfg = Debug|Any CPU
		{6596A908-194D-460D-A903-2BE4C8739128}.Debug|Any CPU.Build.0 = Debug|Any CPU
		{6596A908-194D-460D-A903-2BE4C8739128}.Release|Any CPU.ActiveCfg = Release|Any CPU
		{6596A908-194D-460D-A903-2BE4C8739128}.Release|Any CPU.Build.0 = Release|Any CPU
	EndGlobalSection
	GlobalSection(SolutionProperties) = preSolution
		HideSolutionNode = FALSE
	EndGlobalSection
	GlobalSection(ExtensibilityGlobals) = postSolution
		SolutionGuid = {C542AD75-11DC-4917-86B6-8D399BD3C125}
	EndGlobalSection
EndGlobal
